
Microsoft Visual Studio Solution File, Format Version 12.00
# Visual Studio Version 16
VisualStudioVersion = 16.0.28803.202
MinimumVisualStudioVersion = 10.0.40219.1
Project("{FAE04EC0-301F-11D3-BF4B-00C04F79EFBC}") = "Calculator", "Calculator\Calculator.csproj", "{3E02D6C7-28A8-4AF9-83EF-0CED756E36EF}"
EndProject
Global
	GlobalSection(SolutionConfigurationPlatforms) = preSolution
		Debug|Any CPU = Debug|Any CPU
		Release|Any CPU = Release|Any CPU
	EndGlobalSection
	GlobalSection(ProjectConfigurationPlatforms) = postSolution
		{3E02D6C7-28A8-4AF9-83EF-0CED756E36EF}.Debug|Any CPU.ActiveCfg = Debug|Any CPU
		{3E02D6C7-28A8-4AF9-83EF-0CED756E36EF}.Debug|Any CPU.Build.0 = Debug|Any CPU
		{3E02D6C7-28A8-4AF9-83EF-0CED756E36EF}.Release|Any CPU.ActiveCfg = Release|Any CPU
		{3E02D6C7-28A8-4AF9-83EF-0CED756E36EF}.Release|Any CPU.Build.0 = Release|Any CPU
	EndGlobalSection
	GlobalSection(SolutionProperties) = preSolution
		HideSolutionNode = FALSE
	EndGlobalSection
	GlobalSection(ExtensibilityGlobals) = postSolution
		SolutionGuid = {7AEAEDF8-E254-4AEB-90A5-D0E0A11B9997}
	EndGlobalSection
EndGlobal
